
Microsoft Visual Studio Solution File, Format Version 12.00
# Visual Studio Version 17
VisualStudioVersion = 17.3.32825.248
MinimumVisualStudioVersion = 10.0.40219.1
Project("{FAE04EC0-301F-11D3-BF4B-00C04F79EFBC}") = "k191373_Q3", "k191373_Q3.csproj", "{B0D0DF08-CDF6-47E4-BF29-C4FF1CF86A8E}"
EndProject
Global
	GlobalSection(SolutionConfigurationPlatforms) = preSolution
		Debug|Any CPU = Debug|Any CPU
		Release|Any CPU = Release|Any CPU
	EndGlobalSection
	GlobalSection(ProjectConfigurationPlatforms) = postSolution
		{B0D0DF08-CDF6-47E4-BF29-C4FF1CF86A8E}.Debug|Any CPU.ActiveCfg = Debug|Any CPU
		{B0D0DF08-CDF6-47E4-BF29-C4FF1CF86A8E}.Debug|Any CPU.Build.0 = Debug|Any CPU
		{B0D0DF08-CDF6-47E4-BF29-C4FF1CF86A8E}.Release|Any CPU.ActiveCfg = Release|Any CPU
		{B0D0DF08-CDF6-47E4-BF29-C4FF1CF86A8E}.Release|Any CPU.Build.0 = Release|Any CPU
	EndGlobalSection
	GlobalSection(SolutionProperties) = preSolution
		HideSolutionNode = FALSE
	EndGlobalSection
	GlobalSection(ExtensibilityGlobals) = postSolution
		SolutionGuid = {18B7A764-5AED-4FDC-8FA7-F5B5D268FA33}
	EndGlobalSection
EndGlobal
